
Microsoft Visual Studio Solution File, Format Version 12.00
# Visual Studio Version 18
VisualStudioVersion = 18.0.11222.15
MinimumVisualStudioVersion = 10.0.40219.1
Project("{9A19103F-16F7-4668-BE54-9A1E7A4F7556}") = "Infoware.PDF", "Infoware.PDF\Infoware.PDF.csproj", "{6E857895-AC9E-4FFD-A123-CC11CF931269}"
EndProject
Project("{9A19103F-16F7-4668-BE54-9A1E7A4F7556}") = "Test", "Test\Test.csproj", "{503A39A1-ADA3-4C53-969D-3DCB17CFFC95}"
EndProject
Project("{2150E333-8FDC-42A3-9474-1A3956D46DE8}") = "Github", "Github", "{A21226C3-D029-454E-9AAD-068020144E0C}"
	ProjectSection(SolutionItems) = preProject
		ci.slnf = ci.slnf
		.github\workflows\main.yml = .github\workflows\main.yml
		README.md = README.md
	EndProjectSection
EndProject
Project("{FAE04EC0-301F-11D3-BF4B-00C04F79EFBC}") = "Infoware.PDF.EmbeddedFonts", "Infoware.PDF.EmbeddedFonts\Infoware.PDF.EmbeddedFonts.csproj", "{AD797436-506E-4363-854D-EFB79CCD6DE2}"
EndProject
Project("{FAE04EC0-301F-11D3-BF4B-00C04F79EFBC}") = "Infoware.PdfSharpCore", "Infoware.PdfSharpCore\Infoware.PdfSharpCore.csproj", "{83F680EC-4CA9-76BD-C38B-ACAD2F95378F}"
EndProject
Global
	GlobalSection(SolutionConfigurationPlatforms) = preSolution
		Debug|Any CPU = Debug|Any CPU
		Release|Any CPU = Release|Any CPU
	EndGlobalSection
	GlobalSection(ProjectConfigurationPlatforms) = postSolution
		{6E857895-AC9E-4FFD-A123-CC11CF931269}.Debug|Any CPU.ActiveCfg = Debug|Any CPU
		{6E857895-AC9E-4FFD-A123-CC11CF931269}.Debug|Any CPU.Build.0 = Debug|Any CPU
		{6E857895-AC9E-4FFD-A123-CC11CF931269}.Release|Any CPU.ActiveCfg = Release|Any CPU
		{6E857895-AC9E-4FFD-A123-CC11CF931269}.Release|Any CPU.Build.0 = Release|Any CPU
		{503A39A1-ADA3-4C53-969D-3DCB17CFFC95}.Debug|Any CPU.ActiveCfg = Debug|Any CPU
		{503A39A1-ADA3-4C53-969D-3DCB17CFFC95}.Debug|Any CPU.Build.0 = Debug|Any CPU
		{503A39A1-ADA3-4C53-969D-3DCB17CFFC95}.Release|Any CPU.ActiveCfg = Release|Any CPU
		{503A39A1-ADA3-4C53-969D-3DCB17CFFC95}.Release|Any CPU.Build.0 = Release|Any CPU
		{AD797436-506E-4363-854D-EFB79CCD6DE2}.Debug|Any CPU.ActiveCfg = Debug|Any CPU
		{AD797436-506E-4363-854D-EFB79CCD6DE2}.Debug|Any CPU.Build.0 = Debug|Any CPU
		{AD797436-506E-4363-854D-EFB79CCD6DE2}.Release|Any CPU.ActiveCfg = Release|Any CPU
		{AD797436-506E-4363-854D-EFB79CCD6DE2}.Release|Any CPU.Build.0 = Release|Any CPU
		{83F680EC-4CA9-76BD-C38B-ACAD2F95378F}.Debug|Any CPU.ActiveCfg = Debug|Any CPU
		{83F680EC-4CA9-76BD-C38B-ACAD2F95378F}.Debug|Any CPU.Build.0 = Debug|Any CPU
		{83F680EC-4CA9-76BD-C38B-ACAD2F95378F}.Release|Any CPU.ActiveCfg = Release|Any CPU
		{83F680EC-4CA9-76BD-C38B-ACAD2F95378F}.Release|Any CPU.Build.0 = Release|Any CPU
	EndGlobalSection
	GlobalSection(SolutionProperties) = preSolution
		HideSolutionNode = FALSE
	EndGlobalSection
	GlobalSection(ExtensibilityGlobals) = postSolution
		SolutionGuid = {CB934970-8894-4ABF-85F8-8B64E651F2BA}
	EndGlobalSection
EndGlobal
